{
  "version": 4,
  "terraform_version": "1.2.7",
  "serial": 729,
  "lineage": "127d8987-7e1d-26c7-d7b6-fee4405bc6f0",
  "outputs": {},
  "resources": [
    {
      "mode": "data",
      "type": "azurerm_key_vault",
      "name": "appkey235012",
      "provider": "provider[\"registry.terraform.io/hashicorp/azurerm\"]",
      "instances": [
        {
          "schema_version": 0,
          "attributes": {
            "access_policy": [
              {
                "application_id": "",
                "certificate_permissions": [],
                "key_permissions": [],
                "object_id": "2b319eea-c539-475d-9ee3-ff0aa62d534e",
                "secret_permissions": [
                  "Get",
                  "List",
                  "Set",
                  "Delete",
                  "Recover",
                  "Backup",
                  "Restore"
                ],
                "storage_permissions": [],
                "tenant_id": "44ae9dcb-6ec1-4847-b246-e416c8d9a389"
              },
              {
                "application_id": "",
                "certificate_permissions": [
                  "Get",
                  "List",
                  "Update",
                  "Create",
                  "Import",
                  "Delete",
                  "Recover",
                  "Backup",
                  "Restore",
                  "ManageContacts",
                  "ManageIssuers",
                  "GetIssuers",
                  "ListIssuers",
                  "SetIssuers",
                  "DeleteIssuers"
                ],
                "key_permissions": [
                  "Get",
                  "List",
                  "Update",
                  "Create",
                  "Import",
                  "Delete",
                  "Recover",
                  "Backup",
                  "Restore",
                  "GetRotationPolicy",
                  "SetRotationPolicy",
                  "Rotate"
                ],
                "object_id": "d94a097e-360e-4dc1-b1b2-00186c6fc9a3",
                "secret_permissions": [
                  "Get",
                  "List",
                  "Set",
                  "Delete",
                  "Recover",
                  "Backup",
                  "Restore"
                ],
                "storage_permissions": [],
                "tenant_id": "44ae9dcb-6ec1-4847-b246-e416c8d9a389"
              }
            ],
            "enable_rbac_authorization": false,
            "enabled_for_deployment": false,
            "enabled_for_disk_encryption": false,
            "enabled_for_template_deployment": false,
            "id": "/subscriptions/4ca364fb-7d95-4f63-8fe9-d174d2af3dec/resourceGroups/new-rgrp/providers/Microsoft.KeyVault/vaults/appkey235012",
            "location": "westeurope",
            "name": "appkey235012",
            "network_acls": [],
            "purge_protection_enabled": false,
            "resource_group_name": "new-rgrp",
            "sku_name": "Standard",
            "tags": {},
            "tenant_id": "44ae9dcb-6ec1-4847-b246-e416c8d9a389",
            "timeouts": null,
            "vault_uri": "https://appkey235012.vault.azure.net/"
          },
          "sensitive_attributes": []
        }
      ]
    },
    {
      "mode": "data",
      "type": "azurerm_key_vault_secret",
      "name": "password",
      "provider": "provider[\"registry.terraform.io/hashicorp/azurerm\"]",
      "instances": [
        {
          "schema_version": 0,
          "attributes": {
            "content_type": "",
            "id": "https://appkey235012.vault.azure.net/secrets/password/602b412aae5a480da514d9b61c34550c",
            "key_vault_id": "/subscriptions/4ca364fb-7d95-4f63-8fe9-d174d2af3dec/resourceGroups/new-rgrp/providers/Microsoft.KeyVault/vaults/appkey235012",
            "name": "password",
            "resource_id": "/subscriptions/4ca364fb-7d95-4f63-8fe9-d174d2af3dec/resourceGroups/new-rgrp/providers/Microsoft.KeyVault/vaults/appkey235012/secrets/password/versions/602b412aae5a480da514d9b61c34550c",
            "resource_versionless_id": "/subscriptions/4ca364fb-7d95-4f63-8fe9-d174d2af3dec/resourceGroups/new-rgrp/providers/Microsoft.KeyVault/vaults/appkey235012/secrets/password",
            "tags": {},
            "timeouts": null,
            "value": "ig8l43dV!",
            "version": "602b412aae5a480da514d9b61c34550c",
            "versionless_id": "https://appkey235012.vault.azure.net/secrets/password"
          },
          "sensitive_attributes": []
        }
      ]
    },
    {
      "mode": "managed",
      "type": "azurerm_linux_virtual_machine",
      "name": "linuxvm",
      "provider": "provider[\"registry.terraform.io/hashicorp/azurerm\"]",
      "instances": [
        {
          "index_key": 0,
          "schema_version": 0,
          "attributes": {
            "additional_capabilities": [],
            "admin_password": null,
            "admin_ssh_key": [
              {
                "public_key": "ssh-rsa AAAAB3NzaC1yc2EAAAADAQABAAACAQC8S1tUF5aMvWc3DrtofXqbgxvGDjfLO0OgBjHjrbem0ejDA0W9nnJPh6MDmF8W+8XdDBpqOCvsGC+52pQBKWbOiXHWT83DCHU2P3PPZLeuuh1SCK21xdm38G3Pl0bB5PiMw7NgFo4yPsBj8t2tV4HxDna9Yie8eFeFQSXuPtoSesGcz/uc5PcywgpM06+BxoHL3339CmH6ryxcCBq5isd+mv0Gp6VfeEL/iOJIZk3UU6VAN2iLJ+yzF2nE3THNMhaL8KCoLrb0zgDC6+qSYds5HP7bUhtllfoa6qOZ+r9istT34M3gbJTHH9TuKf1rHX8KojAt7Nz3feT7IcezzrOoFXIs8FqtgoVgTMcJ+9/rU1BVZlrZByDtREbYDb9JNHAXZ6QI729Yxd2rH1IrsqH0YtVUE0e3k53gi+DNqvw67HNzAzsvQt/126zHCJ7rq3oFMzodKmQXiGnhUjSyQ37C/W6rf6pJ8ljn9EVwoa03BsHSw57M3Wd11mUMO+d3XTfJp4iF/71dsAwJuhFsIu6T9Nr3RuuuBTDSIqGQUH3C8QwMhEPdb6ifjoh/9ia4o408uLJEHsSifuii8/jXeLj1m+jB0+df/Ig5K9vyoYMAU/FfgpFi21LuV55QHNxfroJt/iRRxc9ktJxFneCoMws2SPJ6ruJx73JKlbzQeMvpAQ==\n",
                "username": "adminuser"
              }
            ],
            "admin_username": "adminuser",
            "allow_extension_operations": true,
            "availability_set_id": "",
            "boot_diagnostics": [],
            "capacity_reservation_group_id": "",
            "computer_name": "linux-machine0",
            "custom_data": null,
            "dedicated_host_group_id": "",
            "dedicated_host_id": "",
            "disable_password_authentication": true,
            "edge_zone": "",
            "encryption_at_host_enabled": false,
            "eviction_policy": "",
            "extensions_time_budget": "PT1H30M",
            "id": "/subscriptions/4ca364fb-7d95-4f63-8fe9-d174d2af3dec/resourceGroups/Resource_Group_for_Test_BRO/providers/Microsoft.Compute/virtualMachines/linux-machine0",
            "identity": [],
            "license_type": "",
            "location": "westeurope",
            "max_bid_price": -1,
            "name": "linux-machine0",
            "network_interface_ids": [
              "/subscriptions/4ca364fb-7d95-4f63-8fe9-d174d2af3dec/resourceGroups/Resource_Group_for_Test_BRO/providers/Microsoft.Network/networkInterfaces/ibrahimnetwork-nic0"
            ],
            "os_disk": [
              {
                "caching": "ReadWrite",
                "diff_disk_settings": [],
                "disk_encryption_set_id": "",
                "disk_size_gb": 30,
                "name": "linux-machine0_OsDisk_1_ca0181c0e7e3418f8631d5f8e9447956",
                "secure_vm_disk_encryption_set_id": "",
                "security_encryption_type": "",
                "storage_account_type": "Standard_LRS",
                "write_accelerator_enabled": false
              }
            ],
            "patch_mode": "ImageDefault",
            "plan": [],
            "platform_fault_domain": -1,
            "priority": "Regular",
            "private_ip_address": "192.168.0.4",
            "private_ip_addresses": [
              "192.168.0.4"
            ],
            "provision_vm_agent": true,
            "proximity_placement_group_id": "",
            "public_ip_address": "20.4.0.101",
            "public_ip_addresses": [
              "20.4.0.101"
            ],
            "resource_group_name": "Resource_Group_for_Test_BRO",
            "secret": [],
            "secure_boot_enabled": false,
            "size": "Standard_F2",
            "source_image_id": "",
            "source_image_reference": [
              {
                "offer": "UbuntuServer",
                "publisher": "Canonical",
                "sku": "16.04-LTS",
                "version": "latest"
              }
            ],
            "tags": null,
            "termination_notification": null,
            "timeouts": null,
            "user_data": "",
            "virtual_machine_id": "14f783b6-76da-4620-aa0c-9ad8c787c3b9",
            "virtual_machine_scale_set_id": "",
            "vtpm_enabled": false,
            "zone": ""
          },
          "sensitive_attributes": [],
          "private": "eyJlMmJmYjczMC1lY2FhLTExZTYtOGY4OC0zNDM2M2JjN2M0YzAiOnsiY3JlYXRlIjoyNzAwMDAwMDAwMDAwLCJkZWxldGUiOjI3MDAwMDAwMDAwMDAsInJlYWQiOjMwMDAwMDAwMDAwMCwidXBkYXRlIjoyNzAwMDAwMDAwMDAwfX0=",
          "dependencies": [
            "azurerm_network_interface.ibrahimnetworkinterface",
            "azurerm_public_ip.app-ip",
            "azurerm_resource_group.for_test_purposes",
            "azurerm_subnet.subnets-linux",
            "azurerm_virtual_network.linux-network",
            "tls_private_key.linuxkey"
          ]
        },
        {
          "index_key": 1,
          "schema_version": 0,
          "attributes": {
            "additional_capabilities": [],
            "admin_password": null,
            "admin_ssh_key": [
              {
                "public_key": "ssh-rsa AAAAB3NzaC1yc2EAAAADAQABAAACAQC8S1tUF5aMvWc3DrtofXqbgxvGDjfLO0OgBjHjrbem0ejDA0W9nnJPh6MDmF8W+8XdDBpqOCvsGC+52pQBKWbOiXHWT83DCHU2P3PPZLeuuh1SCK21xdm38G3Pl0bB5PiMw7NgFo4yPsBj8t2tV4HxDna9Yie8eFeFQSXuPtoSesGcz/uc5PcywgpM06+BxoHL3339CmH6ryxcCBq5isd+mv0Gp6VfeEL/iOJIZk3UU6VAN2iLJ+yzF2nE3THNMhaL8KCoLrb0zgDC6+qSYds5HP7bUhtllfoa6qOZ+r9istT34M3gbJTHH9TuKf1rHX8KojAt7Nz3feT7IcezzrOoFXIs8FqtgoVgTMcJ+9/rU1BVZlrZByDtREbYDb9JNHAXZ6QI729Yxd2rH1IrsqH0YtVUE0e3k53gi+DNqvw67HNzAzsvQt/126zHCJ7rq3oFMzodKmQXiGnhUjSyQ37C/W6rf6pJ8ljn9EVwoa03BsHSw57M3Wd11mUMO+d3XTfJp4iF/71dsAwJuhFsIu6T9Nr3RuuuBTDSIqGQUH3C8QwMhEPdb6ifjoh/9ia4o408uLJEHsSifuii8/jXeLj1m+jB0+df/Ig5K9vyoYMAU/FfgpFi21LuV55QHNxfroJt/iRRxc9ktJxFneCoMws2SPJ6ruJx73JKlbzQeMvpAQ==\n",
                "username": "adminuser"
              }
            ],
            "admin_username": "adminuser",
            "allow_extension_operations": true,
            "availability_set_id": "",
            "boot_diagnostics": [],
            "capacity_reservation_group_id": "",
            "computer_name": "linux-machine1",
            "custom_data": null,
            "dedicated_host_group_id": "",
            "dedicated_host_id": "",
            "disable_password_authentication": true,
            "edge_zone": "",
            "encryption_at_host_enabled": false,
            "eviction_policy": "",
            "extensions_time_budget": "PT1H30M",
            "id": "/subscriptions/4ca364fb-7d95-4f63-8fe9-d174d2af3dec/resourceGroups/Resource_Group_for_Test_BRO/providers/Microsoft.Compute/virtualMachines/linux-machine1",
            "identity": [],
            "license_type": "",
            "location": "westeurope",
            "max_bid_price": -1,
            "name": "linux-machine1",
            "network_interface_ids": [
              "/subscriptions/4ca364fb-7d95-4f63-8fe9-d174d2af3dec/resourceGroups/Resource_Group_for_Test_BRO/providers/Microsoft.Network/networkInterfaces/ibrahimnetwork-nic1"
            ],
            "os_disk": [
              {
                "caching": "ReadWrite",
                "diff_disk_settings": [],
                "disk_encryption_set_id": "",
                "disk_size_gb": 30,
                "name": "linux-machine1_OsDisk_1_e41e82ad03004b96b9b9216b0c3495e0",
                "secure_vm_disk_encryption_set_id": "",
                "security_encryption_type": "",
                "storage_account_type": "Standard_LRS",
                "write_accelerator_enabled": false
              }
            ],
            "patch_mode": "ImageDefault",
            "plan": [],
            "platform_fault_domain": -1,
            "priority": "Regular",
            "private_ip_address": "192.168.1.4",
            "private_ip_addresses": [
              "192.168.1.4"
            ],
            "provision_vm_agent": true,
            "proximity_placement_group_id": "",
            "public_ip_address": "20.4.2.58",
            "public_ip_addresses": [
              "20.4.2.58"
            ],
            "resource_group_name": "Resource_Group_for_Test_BRO",
            "secret": [],
            "secure_boot_enabled": false,
            "size": "Standard_F2",
            "source_image_id": "",
            "source_image_reference": [
              {
                "offer": "UbuntuServer",
                "publisher": "Canonical",
                "sku": "16.04-LTS",
                "version": "latest"
              }
            ],
            "tags": null,
            "termination_notification": null,
            "timeouts": null,
            "user_data": "",
            "virtual_machine_id": "e0f6ce6f-80a1-4b27-8d59-e67901bf8586",
            "virtual_machine_scale_set_id": "",
            "vtpm_enabled": false,
            "zone": ""
          },
          "sensitive_attributes": [],
          "private": "eyJlMmJmYjczMC1lY2FhLTExZTYtOGY4OC0zNDM2M2JjN2M0YzAiOnsiY3JlYXRlIjoyNzAwMDAwMDAwMDAwLCJkZWxldGUiOjI3MDAwMDAwMDAwMDAsInJlYWQiOjMwMDAwMDAwMDAwMCwidXBkYXRlIjoyNzAwMDAwMDAwMDAwfX0=",
          "dependencies": [
            "azurerm_network_interface.ibrahimnetworkinterface",
            "azurerm_public_ip.app-ip",
            "azurerm_resource_group.for_test_purposes",
            "azurerm_subnet.subnets-linux",
            "azurerm_virtual_network.linux-network",
            "tls_private_key.linuxkey"
          ]
        }
      ]
    },
    {
      "mode": "managed",
      "type": "azurerm_network_interface",
      "name": "ibrahimnetworkinterface",
      "provider": "provider[\"registry.terraform.io/hashicorp/azurerm\"]",
      "instances": [
        {
          "index_key": 0,
          "schema_version": 0,
          "attributes": {
            "applied_dns_servers": [],
            "dns_servers": [],
            "edge_zone": "",
            "enable_accelerated_networking": false,
            "enable_ip_forwarding": false,
            "id": "/subscriptions/4ca364fb-7d95-4f63-8fe9-d174d2af3dec/resourceGroups/Resource_Group_for_Test_BRO/providers/Microsoft.Network/networkInterfaces/ibrahimnetwork-nic0",
            "internal_dns_name_label": "",
            "internal_domain_name_suffix": "mvxjykv20tgu1oxqadba2bh4qg.ax.internal.cloudapp.net",
            "ip_configuration": [
              {
                "gateway_load_balancer_frontend_ip_configuration_id": "",
                "name": "internal",
                "primary": true,
                "private_ip_address": "192.168.0.4",
                "private_ip_address_allocation": "Dynamic",
                "private_ip_address_version": "IPv4",
                "public_ip_address_id": "/subscriptions/4ca364fb-7d95-4f63-8fe9-d174d2af3dec/resourceGroups/Resource_Group_for_Test_BRO/providers/Microsoft.Network/publicIPAddresses/app-ip-linux0",
                "subnet_id": "/subscriptions/4ca364fb-7d95-4f63-8fe9-d174d2af3dec/resourceGroups/Resource_Group_for_Test_BRO/providers/Microsoft.Network/virtualNetworks/linux-network/subnets/Subnet-linux0"
              }
            ],
            "location": "westeurope",
            "mac_address": "",
            "name": "ibrahimnetwork-nic0",
            "private_ip_address": "192.168.0.4",
            "private_ip_addresses": [
              "192.168.0.4"
            ],
            "resource_group_name": "Resource_Group_for_Test_BRO",
            "tags": null,
            "timeouts": null,
            "virtual_machine_id": ""
          },
          "sensitive_attributes": [],
          "private": "eyJlMmJmYjczMC1lY2FhLTExZTYtOGY4OC0zNDM2M2JjN2M0YzAiOnsiY3JlYXRlIjoxODAwMDAwMDAwMDAwLCJkZWxldGUiOjE4MDAwMDAwMDAwMDAsInJlYWQiOjMwMDAwMDAwMDAwMCwidXBkYXRlIjoxODAwMDAwMDAwMDAwfX0=",
          "dependencies": [
            "azurerm_public_ip.app-ip",
            "azurerm_resource_group.for_test_purposes",
            "azurerm_subnet.subnets-linux",
            "azurerm_virtual_network.linux-network"
          ]
        },
        {
          "index_key": 1,
          "schema_version": 0,
          "attributes": {
            "applied_dns_servers": [],
            "dns_servers": [],
            "edge_zone": "",
            "enable_accelerated_networking": false,
            "enable_ip_forwarding": false,
            "id": "/subscriptions/4ca364fb-7d95-4f63-8fe9-d174d2af3dec/resourceGroups/Resource_Group_for_Test_BRO/providers/Microsoft.Network/networkInterfaces/ibrahimnetwork-nic1",
            "internal_dns_name_label": "",
            "internal_domain_name_suffix": "mvxjykv20tgu1oxqadba2bh4qg.ax.internal.cloudapp.net",
            "ip_configuration": [
              {
                "gateway_load_balancer_frontend_ip_configuration_id": "",
                "name": "internal",
                "primary": true,
                "private_ip_address": "192.168.1.4",
                "private_ip_address_allocation": "Dynamic",
                "private_ip_address_version": "IPv4",
                "public_ip_address_id": "/subscriptions/4ca364fb-7d95-4f63-8fe9-d174d2af3dec/resourceGroups/Resource_Group_for_Test_BRO/providers/Microsoft.Network/publicIPAddresses/app-ip-linux1",
                "subnet_id": "/subscriptions/4ca364fb-7d95-4f63-8fe9-d174d2af3dec/resourceGroups/Resource_Group_for_Test_BRO/providers/Microsoft.Network/virtualNetworks/linux-network/subnets/Subnet-linux1"
              }
            ],
            "location": "westeurope",
            "mac_address": "",
            "name": "ibrahimnetwork-nic1",
            "private_ip_address": "192.168.1.4",
            "private_ip_addresses": [
              "192.168.1.4"
            ],
            "resource_group_name": "Resource_Group_for_Test_BRO",
            "tags": null,
            "timeouts": null,
            "virtual_machine_id": ""
          },
          "sensitive_attributes": [],
          "private": "eyJlMmJmYjczMC1lY2FhLTExZTYtOGY4OC0zNDM2M2JjN2M0YzAiOnsiY3JlYXRlIjoxODAwMDAwMDAwMDAwLCJkZWxldGUiOjE4MDAwMDAwMDAwMDAsInJlYWQiOjMwMDAwMDAwMDAwMCwidXBkYXRlIjoxODAwMDAwMDAwMDAwfX0=",
          "dependencies": [
            "azurerm_public_ip.app-ip",
            "azurerm_resource_group.for_test_purposes",
            "azurerm_subnet.subnets-linux",
            "azurerm_virtual_network.linux-network"
          ]
        }
      ]
    },
    {
      "mode": "managed",
      "type": "azurerm_network_interface",
      "name": "ibrahimnetworkinterface-windows",
      "provider": "provider[\"registry.terraform.io/hashicorp/azurerm\"]",
      "instances": [
        {
          "index_key": 0,
          "schema_version": 0,
          "attributes": {
            "applied_dns_servers": [],
            "dns_servers": [],
            "edge_zone": "",
            "enable_accelerated_networking": false,
            "enable_ip_forwarding": false,
            "id": "/subscriptions/4ca364fb-7d95-4f63-8fe9-d174d2af3dec/resourceGroups/Resource_Group_for_Test_BRO/providers/Microsoft.Network/networkInterfaces/ibrahimnetwork-nic0-windows",
            "internal_dns_name_label": "",
            "internal_domain_name_suffix": "ker42upogw5ubp2fto3fju20dc.ax.internal.cloudapp.net",
            "ip_configuration": [
              {
                "gateway_load_balancer_frontend_ip_configuration_id": "",
                "name": "internal",
                "primary": true,
                "private_ip_address": "172.24.0.4",
                "private_ip_address_allocation": "Dynamic",
                "private_ip_address_version": "IPv4",
                "public_ip_address_id": "/subscriptions/4ca364fb-7d95-4f63-8fe9-d174d2af3dec/resourceGroups/Resource_Group_for_Test_BRO/providers/Microsoft.Network/publicIPAddresses/app-ip-windows0",
                "subnet_id": "/subscriptions/4ca364fb-7d95-4f63-8fe9-d174d2af3dec/resourceGroups/Resource_Group_for_Test_BRO/providers/Microsoft.Network/virtualNetworks/windows-networks/subnets/Subnet-windows0"
              }
            ],
            "location": "westeurope",
            "mac_address": "",
            "name": "ibrahimnetwork-nic0-windows",
            "private_ip_address": "172.24.0.4",
            "private_ip_addresses": [
              "172.24.0.4"
            ],
            "resource_group_name": "Resource_Group_for_Test_BRO",
            "tags": null,
            "timeouts": null,
            "virtual_machine_id": ""
          },
          "sensitive_attributes": [],
          "private": "eyJlMmJmYjczMC1lY2FhLTExZTYtOGY4OC0zNDM2M2JjN2M0YzAiOnsiY3JlYXRlIjoxODAwMDAwMDAwMDAwLCJkZWxldGUiOjE4MDAwMDAwMDAwMDAsInJlYWQiOjMwMDAwMDAwMDAwMCwidXBkYXRlIjoxODAwMDAwMDAwMDAwfX0=",
          "dependencies": [
            "azurerm_public_ip.app-ip-windows",
            "azurerm_resource_group.for_test_purposes",
            "azurerm_subnet.subnets-windows",
            "azurerm_virtual_network.windows-network"
          ]
        },
        {
          "index_key": 1,
          "schema_version": 0,
          "attributes": {
            "applied_dns_servers": [],
            "dns_servers": [],
            "edge_zone": "",
            "enable_accelerated_networking": false,
            "enable_ip_forwarding": false,
            "id": "/subscriptions/4ca364fb-7d95-4f63-8fe9-d174d2af3dec/resourceGroups/Resource_Group_for_Test_BRO/providers/Microsoft.Network/networkInterfaces/ibrahimnetwork-nic1-windows",
            "internal_dns_name_label": "",
            "internal_domain_name_suffix": "ker42upogw5ubp2fto3fju20dc.ax.internal.cloudapp.net",
            "ip_configuration": [
              {
                "gateway_load_balancer_frontend_ip_configuration_id": "",
                "name": "internal",
                "primary": true,
                "private_ip_address": "172.24.1.4",
                "private_ip_address_allocation": "Dynamic",
                "private_ip_address_version": "IPv4",
                "public_ip_address_id": "/subscriptions/4ca364fb-7d95-4f63-8fe9-d174d2af3dec/resourceGroups/Resource_Group_for_Test_BRO/providers/Microsoft.Network/publicIPAddresses/app-ip-windows1",
                "subnet_id": "/subscriptions/4ca364fb-7d95-4f63-8fe9-d174d2af3dec/resourceGroups/Resource_Group_for_Test_BRO/providers/Microsoft.Network/virtualNetworks/windows-networks/subnets/Subnet-windows1"
              }
            ],
            "location": "westeurope",
            "mac_address": "",
            "name": "ibrahimnetwork-nic1-windows",
            "private_ip_address": "172.24.1.4",
            "private_ip_addresses": [
              "172.24.1.4"
            ],
            "resource_group_name": "Resource_Group_for_Test_BRO",
            "tags": null,
            "timeouts": null,
            "virtual_machine_id": ""
          },
          "sensitive_attributes": [],
          "private": "eyJlMmJmYjczMC1lY2FhLTExZTYtOGY4OC0zNDM2M2JjN2M0YzAiOnsiY3JlYXRlIjoxODAwMDAwMDAwMDAwLCJkZWxldGUiOjE4MDAwMDAwMDAwMDAsInJlYWQiOjMwMDAwMDAwMDAwMCwidXBkYXRlIjoxODAwMDAwMDAwMDAwfX0=",
          "dependencies": [
            "azurerm_public_ip.app-ip-windows",
            "azurerm_resource_group.for_test_purposes",
            "azurerm_subnet.subnets-windows",
            "azurerm_virtual_network.windows-network"
          ]
        }
      ]
    },
    {
      "mode": "managed",
      "type": "azurerm_network_security_group",
      "name": "security-grouplinux",
      "provider": "provider[\"registry.terraform.io/hashicorp/azurerm\"]",
      "instances": [
        {
          "index_key": 0,
          "schema_version": 0,
          "attributes": {
            "id": "/subscriptions/4ca364fb-7d95-4f63-8fe9-d174d2af3dec/resourceGroups/Resource_Group_for_Test_BRO/providers/Microsoft.Network/networkSecurityGroups/security-group_for_linux0",
            "location": "westeurope",
            "name": "security-group_for_linux0",
            "resource_group_name": "Resource_Group_for_Test_BRO",
            "security_rule": [
              {
                "access": "Allow",
                "description": "",
                "destination_address_prefix": "*",
                "destination_address_prefixes": [],
                "destination_application_security_group_ids": [],
                "destination_port_range": "22",
                "destination_port_ranges": [],
                "direction": "Inbound",
                "name": "sshrule",
                "priority": 350,
                "protocol": "Tcp",
                "source_address_prefix": "*",
                "source_address_prefixes": [],
                "source_application_security_group_ids": [],
                "source_port_range": "*",
                "source_port_ranges": []
              }
            ],
            "tags": null,
            "timeouts": null
          },
          "sensitive_attributes": [],
          "private": "eyJlMmJmYjczMC1lY2FhLTExZTYtOGY4OC0zNDM2M2JjN2M0YzAiOnsiY3JlYXRlIjoxODAwMDAwMDAwMDAwLCJkZWxldGUiOjE4MDAwMDAwMDAwMDAsInJlYWQiOjMwMDAwMDAwMDAwMCwidXBkYXRlIjoxODAwMDAwMDAwMDAwfX0=",
          "dependencies": [
            "azurerm_resource_group.for_test_purposes"
          ]
        },
        {
          "index_key": 1,
          "schema_version": 0,
          "attributes": {
            "id": "/subscriptions/4ca364fb-7d95-4f63-8fe9-d174d2af3dec/resourceGroups/Resource_Group_for_Test_BRO/providers/Microsoft.Network/networkSecurityGroups/security-group_for_linux1",
            "location": "westeurope",
            "name": "security-group_for_linux1",
            "resource_group_name": "Resource_Group_for_Test_BRO",
            "security_rule": [
              {
                "access": "Allow",
                "description": "",
                "destination_address_prefix": "*",
                "destination_address_prefixes": [],
                "destination_application_security_group_ids": [],
                "destination_port_range": "22",
                "destination_port_ranges": [],
                "direction": "Inbound",
                "name": "sshrule",
                "priority": 350,
                "protocol": "Tcp",
                "source_address_prefix": "*",
                "source_address_prefixes": [],
                "source_application_security_group_ids": [],
                "source_port_range": "*",
                "source_port_ranges": []
              }
            ],
            "tags": null,
            "timeouts": null
          },
          "sensitive_attributes": [],
          "private": "eyJlMmJmYjczMC1lY2FhLTExZTYtOGY4OC0zNDM2M2JjN2M0YzAiOnsiY3JlYXRlIjoxODAwMDAwMDAwMDAwLCJkZWxldGUiOjE4MDAwMDAwMDAwMDAsInJlYWQiOjMwMDAwMDAwMDAwMCwidXBkYXRlIjoxODAwMDAwMDAwMDAwfX0=",
          "dependencies": [
            "azurerm_resource_group.for_test_purposes"
          ]
        }
      ]
    },
    {
      "mode": "managed",
      "type": "azurerm_network_security_group",
      "name": "security-groupwindows",
      "provider": "provider[\"registry.terraform.io/hashicorp/azurerm\"]",
      "instances": [
        {
          "index_key": 0,
          "schema_version": 0,
          "attributes": {
            "id": "/subscriptions/4ca364fb-7d95-4f63-8fe9-d174d2af3dec/resourceGroups/Resource_Group_for_Test_BRO/providers/Microsoft.Network/networkSecurityGroups/security-group_for_windows0",
            "location": "westeurope",
            "name": "security-group_for_windows0",
            "resource_group_name": "Resource_Group_for_Test_BRO",
            "security_rule": [
              {
                "access": "Allow",
                "description": "",
                "destination_address_prefix": "*",
                "destination_address_prefixes": [],
                "destination_application_security_group_ids": [],
                "destination_port_range": "3389",
                "destination_port_ranges": [],
                "direction": "Inbound",
                "name": "RDP_RULE",
                "priority": 300,
                "protocol": "Tcp",
                "source_address_prefix": "*",
                "source_address_prefixes": [],
                "source_application_security_group_ids": [],
                "source_port_range": "*",
                "source_port_ranges": []
              }
            ],
            "tags": null,
            "timeouts": null
          },
          "sensitive_attributes": [],
          "private": "eyJlMmJmYjczMC1lY2FhLTExZTYtOGY4OC0zNDM2M2JjN2M0YzAiOnsiY3JlYXRlIjoxODAwMDAwMDAwMDAwLCJkZWxldGUiOjE4MDAwMDAwMDAwMDAsInJlYWQiOjMwMDAwMDAwMDAwMCwidXBkYXRlIjoxODAwMDAwMDAwMDAwfX0=",
          "dependencies": [
            "azurerm_resource_group.for_test_purposes"
          ]
        },
        {
          "index_key": 1,
          "schema_version": 0,
          "attributes": {
            "id": "/subscriptions/4ca364fb-7d95-4f63-8fe9-d174d2af3dec/resourceGroups/Resource_Group_for_Test_BRO/providers/Microsoft.Network/networkSecurityGroups/security-group_for_windows1",
            "location": "westeurope",
            "name": "security-group_for_windows1",
            "resource_group_name": "Resource_Group_for_Test_BRO",
            "security_rule": [
              {
                "access": "Allow",
                "description": "",
                "destination_address_prefix": "*",
                "destination_address_prefixes": [],
                "destination_application_security_group_ids": [],
                "destination_port_range": "3389",
                "destination_port_ranges": [],
                "direction": "Inbound",
                "name": "RDP_RULE",
                "priority": 300,
                "protocol": "Tcp",
                "source_address_prefix": "*",
                "source_address_prefixes": [],
                "source_application_security_group_ids": [],
                "source_port_range": "*",
                "source_port_ranges": []
              }
            ],
            "tags": null,
            "timeouts": null
          },
          "sensitive_attributes": [],
          "private": "eyJlMmJmYjczMC1lY2FhLTExZTYtOGY4OC0zNDM2M2JjN2M0YzAiOnsiY3JlYXRlIjoxODAwMDAwMDAwMDAwLCJkZWxldGUiOjE4MDAwMDAwMDAwMDAsInJlYWQiOjMwMDAwMDAwMDAwMCwidXBkYXRlIjoxODAwMDAwMDAwMDAwfX0=",
          "dependencies": [
            "azurerm_resource_group.for_test_purposes"
          ]
        }
      ]
    },
    {
      "mode": "managed",
      "type": "azurerm_public_ip",
      "name": "app-ip",
      "provider": "provider[\"registry.terraform.io/hashicorp/azurerm\"]",
      "instances": [
        {
          "index_key": 0,
          "schema_version": 0,
          "attributes": {
            "allocation_method": "Static",
            "domain_name_label": null,
            "edge_zone": "",
            "fqdn": null,
            "id": "/subscriptions/4ca364fb-7d95-4f63-8fe9-d174d2af3dec/resourceGroups/Resource_Group_for_Test_BRO/providers/Microsoft.Network/publicIPAddresses/app-ip-linux0",
            "idle_timeout_in_minutes": 4,
            "ip_address": "20.4.0.101",
            "ip_tags": null,
            "ip_version": "IPv4",
            "location": "westeurope",
            "name": "app-ip-linux0",
            "public_ip_prefix_id": null,
            "resource_group_name": "Resource_Group_for_Test_BRO",
            "reverse_fqdn": null,
            "sku": "Basic",
            "sku_tier": "Regional",
            "tags": null,
            "timeouts": null,
            "zones": null
          },
          "sensitive_attributes": [],
          "private": "eyJlMmJmYjczMC1lY2FhLTExZTYtOGY4OC0zNDM2M2JjN2M0YzAiOnsiY3JlYXRlIjoxODAwMDAwMDAwMDAwLCJkZWxldGUiOjE4MDAwMDAwMDAwMDAsInJlYWQiOjMwMDAwMDAwMDAwMCwidXBkYXRlIjoxODAwMDAwMDAwMDAwfX0=",
          "dependencies": [
            "azurerm_resource_group.for_test_purposes"
          ]
        },
        {
          "index_key": 1,
          "schema_version": 0,
          "attributes": {
            "allocation_method": "Static",
            "domain_name_label": null,
            "edge_zone": "",
            "fqdn": null,
            "id": "/subscriptions/4ca364fb-7d95-4f63-8fe9-d174d2af3dec/resourceGroups/Resource_Group_for_Test_BRO/providers/Microsoft.Network/publicIPAddresses/app-ip-linux1",
            "idle_timeout_in_minutes": 4,
            "ip_address": "20.4.2.58",
            "ip_tags": null,
            "ip_version": "IPv4",
            "location": "westeurope",
            "name": "app-ip-linux1",
            "public_ip_prefix_id": null,
            "resource_group_name": "Resource_Group_for_Test_BRO",
            "reverse_fqdn": null,
            "sku": "Basic",
            "sku_tier": "Regional",
            "tags": null,
            "timeouts": null,
            "zones": null
          },
          "sensitive_attributes": [],
          "private": "eyJlMmJmYjczMC1lY2FhLTExZTYtOGY4OC0zNDM2M2JjN2M0YzAiOnsiY3JlYXRlIjoxODAwMDAwMDAwMDAwLCJkZWxldGUiOjE4MDAwMDAwMDAwMDAsInJlYWQiOjMwMDAwMDAwMDAwMCwidXBkYXRlIjoxODAwMDAwMDAwMDAwfX0=",
          "dependencies": [
            "azurerm_resource_group.for_test_purposes"
          ]
        }
      ]
    },
    {
      "mode": "managed",
      "type": "azurerm_public_ip",
      "name": "app-ip-windows",
      "provider": "provider[\"registry.terraform.io/hashicorp/azurerm\"]",
      "instances": [
        {
          "index_key": 0,
          "schema_version": 0,
          "attributes": {
            "allocation_method": "Static",
            "domain_name_label": null,
            "edge_zone": "",
            "fqdn": null,
            "id": "/subscriptions/4ca364fb-7d95-4f63-8fe9-d174d2af3dec/resourceGroups/Resource_Group_for_Test_BRO/providers/Microsoft.Network/publicIPAddresses/app-ip-windows0",
            "idle_timeout_in_minutes": 4,
            "ip_address": "20.4.1.175",
            "ip_tags": null,
            "ip_version": "IPv4",
            "location": "westeurope",
            "name": "app-ip-windows0",
            "public_ip_prefix_id": null,
            "resource_group_name": "Resource_Group_for_Test_BRO",
            "reverse_fqdn": null,
            "sku": "Basic",
            "sku_tier": "Regional",
            "tags": null,
            "timeouts": null,
            "zones": null
          },
          "sensitive_attributes": [],
          "private": "eyJlMmJmYjczMC1lY2FhLTExZTYtOGY4OC0zNDM2M2JjN2M0YzAiOnsiY3JlYXRlIjoxODAwMDAwMDAwMDAwLCJkZWxldGUiOjE4MDAwMDAwMDAwMDAsInJlYWQiOjMwMDAwMDAwMDAwMCwidXBkYXRlIjoxODAwMDAwMDAwMDAwfX0=",
          "dependencies": [
            "azurerm_resource_group.for_test_purposes"
          ]
        },
        {
          "index_key": 1,
          "schema_version": 0,
          "attributes": {
            "allocation_method": "Static",
            "domain_name_label": null,
            "edge_zone": "",
            "fqdn": null,
            "id": "/subscriptions/4ca364fb-7d95-4f63-8fe9-d174d2af3dec/resourceGroups/Resource_Group_for_Test_BRO/providers/Microsoft.Network/publicIPAddresses/app-ip-windows1",
            "idle_timeout_in_minutes": 4,
            "ip_address": "20.4.3.19",
            "ip_tags": null,
            "ip_version": "IPv4",
            "location": "westeurope",
            "name": "app-ip-windows1",
            "public_ip_prefix_id": null,
            "resource_group_name": "Resource_Group_for_Test_BRO",
            "reverse_fqdn": null,
            "sku": "Basic",
            "sku_tier": "Regional",
            "tags": null,
            "timeouts": null,
            "zones": null
          },
          "sensitive_attributes": [],
          "private": "eyJlMmJmYjczMC1lY2FhLTExZTYtOGY4OC0zNDM2M2JjN2M0YzAiOnsiY3JlYXRlIjoxODAwMDAwMDAwMDAwLCJkZWxldGUiOjE4MDAwMDAwMDAwMDAsInJlYWQiOjMwMDAwMDAwMDAwMCwidXBkYXRlIjoxODAwMDAwMDAwMDAwfX0=",
          "dependencies": [
            "azurerm_resource_group.for_test_purposes"
          ]
        }
      ]
    },
    {
      "mode": "managed",
      "type": "azurerm_resource_group",
      "name": "for_test_purposes",
      "provider": "provider[\"registry.terraform.io/hashicorp/azurerm\"]",
      "instances": [
        {
          "schema_version": 0,
          "attributes": {
            "id": "/subscriptions/4ca364fb-7d95-4f63-8fe9-d174d2af3dec/resourceGroups/Resource_Group_for_Test_BRO",
            "location": "westeurope",
            "name": "Resource_Group_for_Test_BRO",
            "tags": {},
            "timeouts": null
          },
          "sensitive_attributes": [],
          "private": "eyJlMmJmYjczMC1lY2FhLTExZTYtOGY4OC0zNDM2M2JjN2M0YzAiOnsiY3JlYXRlIjo1NDAwMDAwMDAwMDAwLCJkZWxldGUiOjU0MDAwMDAwMDAwMDAsInJlYWQiOjMwMDAwMDAwMDAwMCwidXBkYXRlIjo1NDAwMDAwMDAwMDAwfX0="
        }
      ]
    },
    {
      "mode": "managed",
      "type": "azurerm_subnet",
      "name": "subnets-linux",
      "provider": "provider[\"registry.terraform.io/hashicorp/azurerm\"]",
      "instances": [
        {
          "index_key": 0,
          "schema_version": 0,
          "attributes": {
            "address_prefixes": [
              "192.168.0.0/24"
            ],
            "delegation": [],
            "enforce_private_link_endpoint_network_policies": false,
            "enforce_private_link_service_network_policies": false,
            "id": "/subscriptions/4ca364fb-7d95-4f63-8fe9-d174d2af3dec/resourceGroups/Resource_Group_for_Test_BRO/providers/Microsoft.Network/virtualNetworks/linux-network/subnets/Subnet-linux0",
            "name": "Subnet-linux0",
            "private_endpoint_network_policies_enabled": true,
            "private_link_service_network_policies_enabled": true,
            "resource_group_name": "Resource_Group_for_Test_BRO",
            "service_endpoint_policy_ids": null,
            "service_endpoints": null,
            "timeouts": null,
            "virtual_network_name": "linux-network"
          },
          "sensitive_attributes": [],
          "private": "eyJlMmJmYjczMC1lY2FhLTExZTYtOGY4OC0zNDM2M2JjN2M0YzAiOnsiY3JlYXRlIjoxODAwMDAwMDAwMDAwLCJkZWxldGUiOjE4MDAwMDAwMDAwMDAsInJlYWQiOjMwMDAwMDAwMDAwMCwidXBkYXRlIjoxODAwMDAwMDAwMDAwfX0=",
          "dependencies": [
            "azurerm_resource_group.for_test_purposes",
            "azurerm_virtual_network.linux-network"
          ]
        },
        {
          "index_key": 1,
          "schema_version": 0,
          "attributes": {
            "address_prefixes": [
              "192.168.1.0/24"
            ],
            "delegation": [],
            "enforce_private_link_endpoint_network_policies": false,
            "enforce_private_link_service_network_policies": false,
            "id": "/subscriptions/4ca364fb-7d95-4f63-8fe9-d174d2af3dec/resourceGroups/Resource_Group_for_Test_BRO/providers/Microsoft.Network/virtualNetworks/linux-network/subnets/Subnet-linux1",
            "name": "Subnet-linux1",
            "private_endpoint_network_policies_enabled": true,
            "private_link_service_network_policies_enabled": true,
            "resource_group_name": "Resource_Group_for_Test_BRO",
            "service_endpoint_policy_ids": null,
            "service_endpoints": null,
            "timeouts": null,
            "virtual_network_name": "linux-network"
          },
          "sensitive_attributes": [],
          "private": "eyJlMmJmYjczMC1lY2FhLTExZTYtOGY4OC0zNDM2M2JjN2M0YzAiOnsiY3JlYXRlIjoxODAwMDAwMDAwMDAwLCJkZWxldGUiOjE4MDAwMDAwMDAwMDAsInJlYWQiOjMwMDAwMDAwMDAwMCwidXBkYXRlIjoxODAwMDAwMDAwMDAwfX0=",
          "dependencies": [
            "azurerm_resource_group.for_test_purposes",
            "azurerm_virtual_network.linux-network"
          ]
        }
      ]
    },
    {
      "mode": "managed",
      "type": "azurerm_subnet",
      "name": "subnets-windows",
      "provider": "provider[\"registry.terraform.io/hashicorp/azurerm\"]",
      "instances": [
        {
          "index_key": 0,
          "schema_version": 0,
          "attributes": {
            "address_prefixes": [
              "172.24.0.0/24"
            ],
            "delegation": [],
            "enforce_private_link_endpoint_network_policies": false,
            "enforce_private_link_service_network_policies": false,
            "id": "/subscriptions/4ca364fb-7d95-4f63-8fe9-d174d2af3dec/resourceGroups/Resource_Group_for_Test_BRO/providers/Microsoft.Network/virtualNetworks/windows-networks/subnets/Subnet-windows0",
            "name": "Subnet-windows0",
            "private_endpoint_network_policies_enabled": true,
            "private_link_service_network_policies_enabled": true,
            "resource_group_name": "Resource_Group_for_Test_BRO",
            "service_endpoint_policy_ids": null,
            "service_endpoints": null,
            "timeouts": null,
            "virtual_network_name": "windows-networks"
          },
          "sensitive_attributes": [],
          "private": "eyJlMmJmYjczMC1lY2FhLTExZTYtOGY4OC0zNDM2M2JjN2M0YzAiOnsiY3JlYXRlIjoxODAwMDAwMDAwMDAwLCJkZWxldGUiOjE4MDAwMDAwMDAwMDAsInJlYWQiOjMwMDAwMDAwMDAwMCwidXBkYXRlIjoxODAwMDAwMDAwMDAwfX0=",
          "dependencies": [
            "azurerm_resource_group.for_test_purposes",
            "azurerm_virtual_network.windows-network"
          ]
        },
        {
          "index_key": 1,
          "schema_version": 0,
          "attributes": {
            "address_prefixes": [
              "172.24.1.0/24"
            ],
            "delegation": [],
            "enforce_private_link_endpoint_network_policies": false,
            "enforce_private_link_service_network_policies": false,
            "id": "/subscriptions/4ca364fb-7d95-4f63-8fe9-d174d2af3dec/resourceGroups/Resource_Group_for_Test_BRO/providers/Microsoft.Network/virtualNetworks/windows-networks/subnets/Subnet-windows1",
            "name": "Subnet-windows1",
            "private_endpoint_network_policies_enabled": true,
            "private_link_service_network_policies_enabled": true,
            "resource_group_name": "Resource_Group_for_Test_BRO",
            "service_endpoint_policy_ids": null,
            "service_endpoints": null,
            "timeouts": null,
            "virtual_network_name": "windows-networks"
          },
          "sensitive_attributes": [],
          "private": "eyJlMmJmYjczMC1lY2FhLTExZTYtOGY4OC0zNDM2M2JjN2M0YzAiOnsiY3JlYXRlIjoxODAwMDAwMDAwMDAwLCJkZWxldGUiOjE4MDAwMDAwMDAwMDAsInJlYWQiOjMwMDAwMDAwMDAwMCwidXBkYXRlIjoxODAwMDAwMDAwMDAwfX0=",
          "dependencies": [
            "azurerm_resource_group.for_test_purposes",
            "azurerm_virtual_network.windows-network"
          ]
        }
      ]
    },
    {
      "mode": "managed",
      "type": "azurerm_subnet_network_security_group_association",
      "name": "associationforlinux",
      "provider": "provider[\"registry.terraform.io/hashicorp/azurerm\"]",
      "instances": [
        {
          "index_key": 0,
          "schema_version": 0,
          "attributes": {
            "id": "/subscriptions/4ca364fb-7d95-4f63-8fe9-d174d2af3dec/resourceGroups/Resource_Group_for_Test_BRO/providers/Microsoft.Network/virtualNetworks/linux-network/subnets/Subnet-linux0",
            "network_security_group_id": "/subscriptions/4ca364fb-7d95-4f63-8fe9-d174d2af3dec/resourceGroups/Resource_Group_for_Test_BRO/providers/Microsoft.Network/networkSecurityGroups/security-group_for_linux0",
            "subnet_id": "/subscriptions/4ca364fb-7d95-4f63-8fe9-d174d2af3dec/resourceGroups/Resource_Group_for_Test_BRO/providers/Microsoft.Network/virtualNetworks/linux-network/subnets/Subnet-linux0",
            "timeouts": null
          },
          "sensitive_attributes": [],
          "private": "eyJlMmJmYjczMC1lY2FhLTExZTYtOGY4OC0zNDM2M2JjN2M0YzAiOnsiY3JlYXRlIjoxODAwMDAwMDAwMDAwLCJkZWxldGUiOjE4MDAwMDAwMDAwMDAsInJlYWQiOjMwMDAwMDAwMDAwMCwidXBkYXRlIjoxODAwMDAwMDAwMDAwfX0=",
          "dependencies": [
            "azurerm_network_security_group.security-grouplinux",
            "azurerm_resource_group.for_test_purposes",
            "azurerm_subnet.subnets-linux",
            "azurerm_virtual_network.linux-network"
          ]
        },
        {
          "index_key": 1,
          "schema_version": 0,
          "attributes": {
            "id": "/subscriptions/4ca364fb-7d95-4f63-8fe9-d174d2af3dec/resourceGroups/Resource_Group_for_Test_BRO/providers/Microsoft.Network/virtualNetworks/linux-network/subnets/Subnet-linux1",
            "network_security_group_id": "/subscriptions/4ca364fb-7d95-4f63-8fe9-d174d2af3dec/resourceGroups/Resource_Group_for_Test_BRO/providers/Microsoft.Network/networkSecurityGroups/security-group_for_linux1",
            "subnet_id": "/subscriptions/4ca364fb-7d95-4f63-8fe9-d174d2af3dec/resourceGroups/Resource_Group_for_Test_BRO/providers/Microsoft.Network/virtualNetworks/linux-network/subnets/Subnet-linux1",
            "timeouts": null
          },
          "sensitive_attributes": [],
          "private": "eyJlMmJmYjczMC1lY2FhLTExZTYtOGY4OC0zNDM2M2JjN2M0YzAiOnsiY3JlYXRlIjoxODAwMDAwMDAwMDAwLCJkZWxldGUiOjE4MDAwMDAwMDAwMDAsInJlYWQiOjMwMDAwMDAwMDAwMCwidXBkYXRlIjoxODAwMDAwMDAwMDAwfX0=",
          "dependencies": [
            "azurerm_network_security_group.security-grouplinux",
            "azurerm_resource_group.for_test_purposes",
            "azurerm_subnet.subnets-linux",
            "azurerm_virtual_network.linux-network"
          ]
        }
      ]
    },
    {
      "mode": "managed",
      "type": "azurerm_subnet_network_security_group_association",
      "name": "associationforwindows",
      "provider": "provider[\"registry.terraform.io/hashicorp/azurerm\"]",
      "instances": [
        {
          "index_key": 0,
          "schema_version": 0,
          "attributes": {
            "id": "/subscriptions/4ca364fb-7d95-4f63-8fe9-d174d2af3dec/resourceGroups/Resource_Group_for_Test_BRO/providers/Microsoft.Network/virtualNetworks/windows-networks/subnets/Subnet-windows0",
            "network_security_group_id": "/subscriptions/4ca364fb-7d95-4f63-8fe9-d174d2af3dec/resourceGroups/Resource_Group_for_Test_BRO/providers/Microsoft.Network/networkSecurityGroups/security-group_for_windows0",
            "subnet_id": "/subscriptions/4ca364fb-7d95-4f63-8fe9-d174d2af3dec/resourceGroups/Resource_Group_for_Test_BRO/providers/Microsoft.Network/virtualNetworks/windows-networks/subnets/Subnet-windows0",
            "timeouts": null
          },
          "sensitive_attributes": [],
          "private": "eyJlMmJmYjczMC1lY2FhLTExZTYtOGY4OC0zNDM2M2JjN2M0YzAiOnsiY3JlYXRlIjoxODAwMDAwMDAwMDAwLCJkZWxldGUiOjE4MDAwMDAwMDAwMDAsInJlYWQiOjMwMDAwMDAwMDAwMCwidXBkYXRlIjoxODAwMDAwMDAwMDAwfX0=",
          "dependencies": [
            "azurerm_network_security_group.security-groupwindows",
            "azurerm_resource_group.for_test_purposes",
            "azurerm_subnet.subnets-windows",
            "azurerm_virtual_network.windows-network"
          ]
        },
        {
          "index_key": 1,
          "schema_version": 0,
          "attributes": {
            "id": "/subscriptions/4ca364fb-7d95-4f63-8fe9-d174d2af3dec/resourceGroups/Resource_Group_for_Test_BRO/providers/Microsoft.Network/virtualNetworks/windows-networks/subnets/Subnet-windows1",
            "network_security_group_id": "/subscriptions/4ca364fb-7d95-4f63-8fe9-d174d2af3dec/resourceGroups/Resource_Group_for_Test_BRO/providers/Microsoft.Network/networkSecurityGroups/security-group_for_windows1",
            "subnet_id": "/subscriptions/4ca364fb-7d95-4f63-8fe9-d174d2af3dec/resourceGroups/Resource_Group_for_Test_BRO/providers/Microsoft.Network/virtualNetworks/windows-networks/subnets/Subnet-windows1",
            "timeouts": null
          },
          "sensitive_attributes": [],
          "private": "eyJlMmJmYjczMC1lY2FhLTExZTYtOGY4OC0zNDM2M2JjN2M0YzAiOnsiY3JlYXRlIjoxODAwMDAwMDAwMDAwLCJkZWxldGUiOjE4MDAwMDAwMDAwMDAsInJlYWQiOjMwMDAwMDAwMDAwMCwidXBkYXRlIjoxODAwMDAwMDAwMDAwfX0=",
          "dependencies": [
            "azurerm_network_security_group.security-groupwindows",
            "azurerm_resource_group.for_test_purposes",
            "azurerm_subnet.subnets-windows",
            "azurerm_virtual_network.windows-network"
          ]
        }
      ]
    },
    {
      "mode": "managed",
      "type": "azurerm_virtual_network",
      "name": "linux-network",
      "provider": "provider[\"registry.terraform.io/hashicorp/azurerm\"]",
      "instances": [
        {
          "schema_version": 0,
          "attributes": {
            "address_space": [
              "192.168.0.0/16"
            ],
            "bgp_community": "",
            "ddos_protection_plan": [],
            "dns_servers": [],
            "edge_zone": "",
            "flow_timeout_in_minutes": 0,
            "guid": "2a9c6e65-d4bc-4dcd-baf0-00c20e04fe86",
            "id": "/subscriptions/4ca364fb-7d95-4f63-8fe9-d174d2af3dec/resourceGroups/Resource_Group_for_Test_BRO/providers/Microsoft.Network/virtualNetworks/linux-network",
            "location": "westeurope",
            "name": "linux-network",
            "resource_group_name": "Resource_Group_for_Test_BRO",
            "subnet": [],
            "tags": null,
            "timeouts": null
          },
          "sensitive_attributes": [],
          "private": "eyJlMmJmYjczMC1lY2FhLTExZTYtOGY4OC0zNDM2M2JjN2M0YzAiOnsiY3JlYXRlIjoxODAwMDAwMDAwMDAwLCJkZWxldGUiOjE4MDAwMDAwMDAwMDAsInJlYWQiOjMwMDAwMDAwMDAwMCwidXBkYXRlIjoxODAwMDAwMDAwMDAwfX0=",
          "dependencies": [
            "azurerm_resource_group.for_test_purposes"
          ]
        }
      ]
    },
    {
      "mode": "managed",
      "type": "azurerm_virtual_network",
      "name": "windows-network",
      "provider": "provider[\"registry.terraform.io/hashicorp/azurerm\"]",
      "instances": [
        {
          "schema_version": 0,
          "attributes": {
            "address_space": [
              "172.24.0.0/16"
            ],
            "bgp_community": "",
            "ddos_protection_plan": [],
            "dns_servers": [],
            "edge_zone": "",
            "flow_timeout_in_minutes": 0,
            "guid": "51ee2351-35ee-40bf-bf85-9bba54d39a1a",
            "id": "/subscriptions/4ca364fb-7d95-4f63-8fe9-d174d2af3dec/resourceGroups/Resource_Group_for_Test_BRO/providers/Microsoft.Network/virtualNetworks/windows-networks",
            "location": "westeurope",
            "name": "windows-networks",
            "resource_group_name": "Resource_Group_for_Test_BRO",
            "subnet": [],
            "tags": null,
            "timeouts": null
          },
          "sensitive_attributes": [],
          "private": "eyJlMmJmYjczMC1lY2FhLTExZTYtOGY4OC0zNDM2M2JjN2M0YzAiOnsiY3JlYXRlIjoxODAwMDAwMDAwMDAwLCJkZWxldGUiOjE4MDAwMDAwMDAwMDAsInJlYWQiOjMwMDAwMDAwMDAwMCwidXBkYXRlIjoxODAwMDAwMDAwMDAwfX0=",
          "dependencies": [
            "azurerm_resource_group.for_test_purposes"
          ]
        }
      ]
    },
    {
      "mode": "managed",
      "type": "azurerm_windows_virtual_machine",
      "name": "myVMibrahim",
      "provider": "provider[\"registry.terraform.io/hashicorp/azurerm\"]",
      "instances": [
        {
          "index_key": 0,
          "schema_version": 0,
          "attributes": {
            "additional_capabilities": [],
            "additional_unattend_content": [],
            "admin_password": "ig8l43dV!",
            "admin_username": "adminuser",
            "allow_extension_operations": true,
            "availability_set_id": "",
            "boot_diagnostics": [],
            "capacity_reservation_group_id": "",
            "computer_name": "myVMibrahim0",
            "custom_data": null,
            "dedicated_host_group_id": "",
            "dedicated_host_id": "",
            "edge_zone": "",
            "enable_automatic_updates": true,
            "encryption_at_host_enabled": false,
            "eviction_policy": "",
            "extensions_time_budget": "PT1H30M",
            "hotpatching_enabled": false,
            "id": "/subscriptions/4ca364fb-7d95-4f63-8fe9-d174d2af3dec/resourceGroups/Resource_Group_for_Test_BRO/providers/Microsoft.Compute/virtualMachines/myVMibrahim0",
            "identity": [],
            "license_type": "",
            "location": "westeurope",
            "max_bid_price": -1,
            "name": "myVMibrahim0",
            "network_interface_ids": [
              "/subscriptions/4ca364fb-7d95-4f63-8fe9-d174d2af3dec/resourceGroups/Resource_Group_for_Test_BRO/providers/Microsoft.Network/networkInterfaces/ibrahimnetwork-nic0-windows"
            ],
            "os_disk": [
              {
                "caching": "ReadWrite",
                "diff_disk_settings": [],
                "disk_encryption_set_id": "",
                "disk_size_gb": 127,
                "name": "myVMibrahim0_OsDisk_1_024f49fc93d643a3a50081a6f6e84994",
                "secure_vm_disk_encryption_set_id": "",
                "security_encryption_type": "",
                "storage_account_type": "Standard_LRS",
                "write_accelerator_enabled": false
              }
            ],
            "patch_mode": "AutomaticByOS",
            "plan": [],
            "platform_fault_domain": -1,
            "priority": "Regular",
            "private_ip_address": "172.24.0.4",
            "private_ip_addresses": [
              "172.24.0.4"
            ],
            "provision_vm_agent": true,
            "proximity_placement_group_id": "",
            "public_ip_address": "20.4.1.175",
            "public_ip_addresses": [
              "20.4.1.175"
            ],
            "resource_group_name": "Resource_Group_for_Test_BRO",
            "secret": [],
            "secure_boot_enabled": false,
            "size": "Standard_F2",
            "source_image_id": "",
            "source_image_reference": [
              {
                "offer": "WindowsServer",
                "publisher": "MicrosoftWindowsServer",
                "sku": "2019-Datacenter",
                "version": "latest"
              }
            ],
            "tags": null,
            "termination_notification": null,
            "timeouts": null,
            "timezone": "",
            "user_data": "",
            "virtual_machine_id": "56308e23-a085-4622-87ef-9de7f904f9a6",
            "virtual_machine_scale_set_id": "",
            "vtpm_enabled": false,
            "winrm_listener": [],
            "zone": ""
          },
          "sensitive_attributes": [
            [
              {
                "type": "get_attr",
                "value": "admin_password"
              }
            ]
          ],
          "private": "eyJlMmJmYjczMC1lY2FhLTExZTYtOGY4OC0zNDM2M2JjN2M0YzAiOnsiY3JlYXRlIjoyNzAwMDAwMDAwMDAwLCJkZWxldGUiOjI3MDAwMDAwMDAwMDAsInJlYWQiOjMwMDAwMDAwMDAwMCwidXBkYXRlIjoyNzAwMDAwMDAwMDAwfX0=",
          "dependencies": [
            "azurerm_network_interface.ibrahimnetworkinterface-windows",
            "azurerm_public_ip.app-ip-windows",
            "azurerm_resource_group.for_test_purposes",
            "azurerm_subnet.subnets-windows",
            "azurerm_virtual_network.windows-network",
            "data.azurerm_key_vault_secret.password"
          ]
        },
        {
          "index_key": 1,
          "schema_version": 0,
          "attributes": {
            "additional_capabilities": [],
            "additional_unattend_content": [],
            "admin_password": "ig8l43dV!",
            "admin_username": "adminuser",
            "allow_extension_operations": true,
            "availability_set_id": "",
            "boot_diagnostics": [],
            "capacity_reservation_group_id": "",
            "computer_name": "myVMibrahim1",
            "custom_data": null,
            "dedicated_host_group_id": "",
            "dedicated_host_id": "",
            "edge_zone": "",
            "enable_automatic_updates": true,
            "encryption_at_host_enabled": false,
            "eviction_policy": "",
            "extensions_time_budget": "PT1H30M",
            "hotpatching_enabled": false,
            "id": "/subscriptions/4ca364fb-7d95-4f63-8fe9-d174d2af3dec/resourceGroups/Resource_Group_for_Test_BRO/providers/Microsoft.Compute/virtualMachines/myVMibrahim1",
            "identity": [],
            "license_type": "",
            "location": "westeurope",
            "max_bid_price": -1,
            "name": "myVMibrahim1",
            "network_interface_ids": [
              "/subscriptions/4ca364fb-7d95-4f63-8fe9-d174d2af3dec/resourceGroups/Resource_Group_for_Test_BRO/providers/Microsoft.Network/networkInterfaces/ibrahimnetwork-nic1-windows"
            ],
            "os_disk": [
              {
                "caching": "ReadWrite",
                "diff_disk_settings": [],
                "disk_encryption_set_id": "",
                "disk_size_gb": 127,
                "name": "myVMibrahim1_OsDisk_1_64da3f930f534b04a8c8ac3c375a0a2e",
                "secure_vm_disk_encryption_set_id": "",
                "security_encryption_type": "",
                "storage_account_type": "Standard_LRS",
                "write_accelerator_enabled": false
              }
            ],
            "patch_mode": "AutomaticByOS",
            "plan": [],
            "platform_fault_domain": -1,
            "priority": "Regular",
            "private_ip_address": "172.24.1.4",
            "private_ip_addresses": [
              "172.24.1.4"
            ],
            "provision_vm_agent": true,
            "proximity_placement_group_id": "",
            "public_ip_address": "20.4.3.19",
            "public_ip_addresses": [
              "20.4.3.19"
            ],
            "resource_group_name": "Resource_Group_for_Test_BRO",
            "secret": [],
            "secure_boot_enabled": false,
            "size": "Standard_F2",
            "source_image_id": "",
            "source_image_reference": [
              {
                "offer": "WindowsServer",
                "publisher": "MicrosoftWindowsServer",
                "sku": "2019-Datacenter",
                "version": "latest"
              }
            ],
            "tags": null,
            "termination_notification": null,
            "timeouts": null,
            "timezone": "",
            "user_data": "",
            "virtual_machine_id": "e6b8413a-3396-4ef0-84c9-71f49d242a92",
            "virtual_machine_scale_set_id": "",
            "vtpm_enabled": false,
            "winrm_listener": [],
            "zone": ""
          },
          "sensitive_attributes": [
            [
              {
                "type": "get_attr",
                "value": "admin_password"
              }
            ]
          ],
          "private": "eyJlMmJmYjczMC1lY2FhLTExZTYtOGY4OC0zNDM2M2JjN2M0YzAiOnsiY3JlYXRlIjoyNzAwMDAwMDAwMDAwLCJkZWxldGUiOjI3MDAwMDAwMDAwMDAsInJlYWQiOjMwMDAwMDAwMDAwMCwidXBkYXRlIjoyNzAwMDAwMDAwMDAwfX0=",
          "dependencies": [
            "azurerm_network_interface.ibrahimnetworkinterface-windows",
            "azurerm_public_ip.app-ip-windows",
            "azurerm_resource_group.for_test_purposes",
            "azurerm_subnet.subnets-windows",
            "azurerm_virtual_network.windows-network",
            "data.azurerm_key_vault_secret.password"
          ]
        }
      ]
    },
    {
      "mode": "managed",
      "type": "local_file",
      "name": "linuxpemkey",
      "provider": "provider[\"registry.terraform.io/hashicorp/local\"]",
      "instances": [
        {
          "schema_version": 0,
          "attributes": {
            "content": "-----BEGIN RSA PRIVATE KEY-----\nMIIJJgIBAAKCAgEAvEtbVBeWjL1nNw67aH16m4Mbxg43yztDoAYx4623ptHowwNF\nvZ5yT4ejA5hfFvvF3Qwaajgr7BgvudqUASlmzolx1k/Nwwh1Nj9zz2S3rrodUgit\ntcXZt/Btz5dGweT4jMOzYBaOMj7AY/LdrVeB8Q52vWInvHhXhUEl7j7aEnrBnM/7\nnOT3MsIKTNOvgcaBy999/Qph+q8sXAgauYrHfpr9BqelX3hC/4jiSGZN1FOlQDdo\niyfssxdpxN0xzTIWi/CgqC629M4AwuvqkmHbORz+21IbZZX6Guqjmfq/YrLU9+DN\n4GyUxx/U7in9ax1/CqIwLezc933k+yHHs86zqBVyLPBarYKFYEzHCfvf61NQVWZa\n2Qcg7URG2A2/STRwF2ekCO9vWMXdqx9SK7Kh9GLVVBNHt5Od4Ivgzar8OuxzcwM7\nL0Lf9dusxwie66t6BTM6HSpkF4hp4VI0skN+wv1uq3+qSfJY5/RFcKGtNwbB0sOe\nzN1nddZlDDvnd103yaeIhf+9XbAMCboRbCLuk/Ta90brrgUw0iKhkFB9wvEMDIRD\n3W+on46If/YmuKONPLiyRB7Eon7oovP413i49ZvowdPnX/yIOSvb8qGDAFPxX4KR\nYttS7leeUBzcX66Cbf4kUcXPZLScRZ3gqDMLNkjyeq7ice9ySpW80HjL6QECAwEA\nAQKCAf809Py6qeetrZdZ5MrQmHnjQvyMt3L5tbFPUG63miQMxvyv3DvBGM8NjxhJ\n6pDT5fvAL6c+OI4h2KuTmeYGbZ58eCuMGuXD9J0CpNXtfmYqvi2A5O/2L68MDJLV\nz7YW0k8VR/UrESzs9LknYyb1mabyJR9AJFsIps/2qlwApayvhdbuQ5CAj+T2YZyD\n/wVdencG39SPVlw4JQxU1fKuPFnfQbfoJz5bm3c8Z0M9GYjKLrxLU0oT2Sa5N9yH\nga6AB5ZPxV1p77mFIGsWZ0OR5/PAHGeRR4ZtC8FL0LIynFM3bxR2osNEW0V8u3cn\nhKfBeIpCc1sZj4SWFtJPzzBbYcclA1WPMnCeIkmZzh59w9gNTyGCQRec2Ypkj62w\nsXWr/xMUKM68E9wivfqjwiDHjbrNCcNOL+6EfbWbm0ttWEa6ezIgp8kvy7kjwhmy\nA1YPShDwwq360trChigyqvxWdZo2kR7fx/c9wj4HT1u8pI/tv0HHv+P1Nhc1aFko\n55Jjuk/T+qY4fBcH0IQ6HMPgYQnnKXFht58+J9HCcP9kt1c3M3RxrRBHIUKb8GjA\nNJHsnrG6bK0XTWeUnTL5HcJYY2UZpOAov56eY72Gqe2KYfAOhlXb+v98DrHfLKCr\nx2f514bJ4eWG403jhjkGuPOPz81EyODrnXN03nJdwFug3quhAoIBAQDiLMzo9/DN\nmWlB1ibeD7DA/oDVRQIaAptmrNijRJH5vihLO6xdnDFWq3TCBY9OlbqM2MJs16+B\n3wXCvfikpjWK3b6pwYuIJpUHxQkS4hMSrH+goDAwI7WreLtYYlm9V6oje1OoQXTX\n+DDXI4weYpscc5P8WzYPBtVR+FCpTTDpnZuI5d9VJ2VuJcNZ31C/FRkh4ALMW8RX\n2G+GjQGHIZliidxWoOjJBp+YeKVJJH6n0diaVhBycfrL8gT7gYnBq2Kfgz1pnpAp\nScNIUDV1SPkPEXGptg9+qRvLDtYQ3jQnks25Zx7+fZ1IjcouFrxW9Cv5+EImqK+u\nDwMXsc31x4x7AoIBAQDVH8jOf9ccXq+aKLjcnxoHALMygPqwIQNIA8U0nPkp0aq5\nQaCImYG9AqH3A5ZpWS/+pgOa7YaQ8EfiXygVnN8h2qaoAU/iJ9RzDT2Og7LRPnuF\nutlpEBXZrpTSDsUp69Ejbjgw3hYVGlxC3iuerCHtM3szGfZxwrCGAAxzjpANjYmH\nmtRpez+1Sa7OciWLQyTHFXd2/kbpkZN11SUjMbz2yo+2f5BoRnuycPTvbG6kMwrO\ns0H4yGeh+BW8+TfbiEguQqlOoGUgMInJCwMuFOkuJay5XTpGsS91c5ULt+4zXyl7\nMROLea8kjIZMUAWXPd2OdCiOBCvI18bJsMVB9F2zAoIBAEvIZRQ+V3IcUBdeMQHA\n0iGoZPSQvcaHTxiVG7WA+URsAcZLhVKMTj/TDTkhccYMB0jALE0Z69WhK6X3z0Mj\n6dbQu9zXW/BPtSm4THUGSQu9vrnMUrkejfWZa3SO57C4mepvnTVIUWU35O2BHKbl\ntUFQPKqWyUM5r+paQHSpx5TPWVkCZNV8cND6WD1ZxQ1xfU1LaMSejug8PgogXv2v\nNVy+ApUIL1eEH5+P9RnP35xNhL0Zz0L5i+Yf/qli2wyIZ3A5Ii+skHM1Ivis32yf\n+cuhtar+tKxk70oXe4SFX4ZO+x1/PvRYlIXF9JOCzLJ59+42z7tyVAMHRqr+yZrr\ntNcCggEAQ7I55aXj3SYSX0RKHAIJkWnegc9IUcPat/hCnsixuF/Z+8hlxp4EANai\nPcUM9N+YiCmRgZerI8S/AJ+7KspOcgFy6HCqQCrop7bv86HPnflb4QmN33p1hlSW\n/vYkGIHIR5nODW+t0fwyjCbn8hm5GRA+NOgtSMtPqPDBA7+n8DYiFknO6MZ2YQ5L\nkVXeqRKlzvr5nHl+atiL32TZzAkTfcyvw4dXhlfFGNQaaSanKk7wQuHbtbtqd59G\nwGTlIj1yuAcCom/+TzA7w/lUhEGuI7Nh3utHBIdpjMQu9q7w4a57jZ70F1yKjnB4\nhCry66yCAKrS6vFWOxCXGx+kOKP3UwKCAQAYPntPBTTxwQjTtsrdLYrbYaT7kaB/\ndAmYjAWuJvjCSPfIwKlSLKdLg8Z6o++0BtYiBxJ+VeSyXJat0ckabStsqsmbwgpP\n4Iz5GUWqf7BtC63uUOLj7TTadTVto23rmNWDCPHe9OU7gDbuIhh19c7NKPJIi3Q4\nik/9HKPq++iuZj6tULfvkNwiQZmFueFvR0jEOcJpZoGfJvSzbeirgPHrWv+YdSUb\nztlFRotYhdo/3aOESNJrgR2dG90Gk1x3eTFgJ3lIpIPZ+EaOjA8gin48Sovwup/4\njcnqlwSXu0tbogSI6BNSwVKbR9df5wbGdYoQH0afJLJ+9SAgzVJv1sRb\n-----END RSA PRIVATE KEY-----\n",
            "content_base64": null,
            "directory_permission": "0777",
            "file_permission": "0777",
            "filename": "linuxkey.pem",
            "id": "8d7314c93debb46f61d45907e0fd58e074cd6066",
            "sensitive_content": null,
            "source": null
          },
          "sensitive_attributes": [
            [
              {
                "type": "get_attr",
                "value": "content"
              }
            ]
          ],
          "private": "bnVsbA==",
          "dependencies": [
            "tls_private_key.linuxkey"
          ]
        }
      ]
    },
    {
      "mode": "managed",
      "type": "tls_private_key",
      "name": "linuxkey",
      "provider": "provider[\"registry.terraform.io/hashicorp/tls\"]",
      "instances": [
        {
          "schema_version": 1,
          "attributes": {
            "algorithm": "RSA",
            "ecdsa_curve": "P224",
            "id": "6b7c122566e52f8706a517af7e38b21736615b2f",
            "private_key_openssh": "-----BEGIN OPENSSH PRIVATE KEY-----\nb3BlbnNzaC1rZXktdjEAAAAABG5vbmUAAAAEbm9uZQAAAAAAAAABAAACFwAAAAdz\nc2gtcnNhAAAAAwEAAQAAAgEAvEtbVBeWjL1nNw67aH16m4Mbxg43yztDoAYx4623\nptHowwNFvZ5yT4ejA5hfFvvF3Qwaajgr7BgvudqUASlmzolx1k/Nwwh1Nj9zz2S3\nrrodUgittcXZt/Btz5dGweT4jMOzYBaOMj7AY/LdrVeB8Q52vWInvHhXhUEl7j7a\nEnrBnM/7nOT3MsIKTNOvgcaBy999/Qph+q8sXAgauYrHfpr9BqelX3hC/4jiSGZN\n1FOlQDdoiyfssxdpxN0xzTIWi/CgqC629M4AwuvqkmHbORz+21IbZZX6Guqjmfq/\nYrLU9+DN4GyUxx/U7in9ax1/CqIwLezc933k+yHHs86zqBVyLPBarYKFYEzHCfvf\n61NQVWZa2Qcg7URG2A2/STRwF2ekCO9vWMXdqx9SK7Kh9GLVVBNHt5Od4Ivgzar8\nOuxzcwM7L0Lf9dusxwie66t6BTM6HSpkF4hp4VI0skN+wv1uq3+qSfJY5/RFcKGt\nNwbB0sOezN1nddZlDDvnd103yaeIhf+9XbAMCboRbCLuk/Ta90brrgUw0iKhkFB9\nwvEMDIRD3W+on46If/YmuKONPLiyRB7Eon7oovP413i49ZvowdPnX/yIOSvb8qGD\nAFPxX4KRYttS7leeUBzcX66Cbf4kUcXPZLScRZ3gqDMLNkjyeq7ice9ySpW80HjL\n6QEAAAc4aon7I2qJ+yMAAAAHc3NoLXJzYQAAAgEAvEtbVBeWjL1nNw67aH16m4Mb\nxg43yztDoAYx4623ptHowwNFvZ5yT4ejA5hfFvvF3Qwaajgr7BgvudqUASlmzolx\n1k/Nwwh1Nj9zz2S3rrodUgittcXZt/Btz5dGweT4jMOzYBaOMj7AY/LdrVeB8Q52\nvWInvHhXhUEl7j7aEnrBnM/7nOT3MsIKTNOvgcaBy999/Qph+q8sXAgauYrHfpr9\nBqelX3hC/4jiSGZN1FOlQDdoiyfssxdpxN0xzTIWi/CgqC629M4AwuvqkmHbORz+\n21IbZZX6Guqjmfq/YrLU9+DN4GyUxx/U7in9ax1/CqIwLezc933k+yHHs86zqBVy\nLPBarYKFYEzHCfvf61NQVWZa2Qcg7URG2A2/STRwF2ekCO9vWMXdqx9SK7Kh9GLV\nVBNHt5Od4Ivgzar8OuxzcwM7L0Lf9dusxwie66t6BTM6HSpkF4hp4VI0skN+wv1u\nq3+qSfJY5/RFcKGtNwbB0sOezN1nddZlDDvnd103yaeIhf+9XbAMCboRbCLuk/Ta\n90brrgUw0iKhkFB9wvEMDIRD3W+on46If/YmuKONPLiyRB7Eon7oovP413i49Zvo\nwdPnX/yIOSvb8qGDAFPxX4KRYttS7leeUBzcX66Cbf4kUcXPZLScRZ3gqDMLNkjy\neq7ice9ySpW80HjL6QEAAAADAQABAAAB/zT0/Lqp562tl1nkytCYeeNC/Iy3cvm1\nsU9QbreaJAzG/K/cO8EYzw2PGEnqkNPl+8Avpz44jiHYq5OZ5gZtnnx4K4wa5cP0\nnQKk1e1+Ziq+LYDk7/YvrwwMktXPthbSTxVH9SsRLOz0uSdjJvWZpvIlH0AkWwim\nz/aqXAClrK+F1u5DkICP5PZhnIP/BV16dwbf1I9WXDglDFTV8q48Wd9Bt+gnPlub\ndzxnQz0ZiMouvEtTShPZJrk33IeBroAHlk/FXWnvuYUgaxZnQ5Hn88AcZ5FHhm0L\nwUvQsjKcUzdvFHaiw0RbRXy7dyeEp8F4ikJzWxmPhJYW0k/PMFthxyUDVY8ycJ4i\nSZnOHn3D2A1PIYJBF5zZimSPrbCxdav/ExQozrwT3CK9+qPCIMeNus0Jw04v7oR9\ntZubS21YRrp7MiCnyS/LuSPCGbIDVg9KEPDCrfrS2sKGKDKq/FZ1mjaRHt/H9z3C\nPgdPW7ykj+2/Qce/4/U2FzVoWSjnkmO6T9P6pjh8FwfQhDocw+BhCecpcWG3nz4n\n0cJw/2S3VzczdHGtEEchQpvwaMA0keyesbpsrRdNZ5SdMvkdwlhjZRmk4Ci/np5j\nvYap7Yph8A6GVdv6/3wOsd8soKvHZ/nXhsnh5YbjTeOGOQa484/PzUTI4Oudc3Te\ncl3AW6Deq6EAAAEAGD57TwU08cEI07bK3S2K22Gk+5Ggf3QJmIwFrib4wkj3yMCp\nUiynS4PGeqPvtAbWIgcSflXkslyWrdHJGm0rbKrJm8IKT+CM+RlFqn+wbQut7lDi\n4+002nU1baNt65jVgwjx3vTlO4A27iIYdfXOzSjySIt0OIpP/Ryj6vvormY+rVC3\n75DcIkGZhbnhb0dIxDnCaWaBnyb0s23oq4Dx61r/mHUlG87ZRUaLWIXaP92jhEjS\na4EdnRvdBpNcd3kxYCd5SKSD2fhGjowPIIp+PEqL8Lqf+I3J6pcEl7tLW6IEiOgT\nUsFSm0fXX+cGxnWKEB9GnySyfvUgIM1Sb9bEWwAAAQEA4izM6PfwzZlpQdYm3g+w\nwP6A1UUCGgKbZqzYo0SR+b4oSzusXZwxVqt0wgWPTpW6jNjCbNevgd8Fwr34pKY1\nit2+qcGLiCaVB8UJEuITEqx/oKAwMCO1q3i7WGJZvVeqI3tTqEF01/gw1yOMHmKb\nHHOT/Fs2DwbVUfhQqU0w6Z2biOXfVSdlbiXDWd9QvxUZIeACzFvEV9hvho0BhyGZ\nYoncVqDoyQafmHilSSR+p9HYmlYQcnH6y/IE+4GJwatin4M9aZ6QKUnDSFA1dUj5\nDxFxqbYPfqkbyw7WEN40J5LNuWce/n2dSI3KLha8VvQr+fhCJqivrg8DF7HN9ceM\newAAAQEA1R/Izn/XHF6vmii43J8aBwCzMoD6sCEDSAPFNJz5KdGquUGgiJmBvQKh\n9wOWaVkv/qYDmu2GkPBH4l8oFZzfIdqmqAFP4ifUcw09joOy0T57hbrZaRAV2a6U\n0g7FKevRI244MN4WFRpcQt4rnqwh7TN7Mxn2ccKwhgAMc46QDY2Jh5rUaXs/tUmu\nznIli0MkxxV3dv5G6ZGTddUlIzG89sqPtn+QaEZ7snD072xupDMKzrNB+MhnofgV\nvPk324hILkKpTqBlIDCJyQsDLhTpLiWsuV06RrEvdXOVC7fuM18pezETi3mvJIyG\nTFAFlz3djnQojgQryNfGybDFQfRdswAAAAABAgME\n-----END OPENSSH PRIVATE KEY-----\n",
            "private_key_pem": "-----BEGIN RSA PRIVATE KEY-----\nMIIJJgIBAAKCAgEAvEtbVBeWjL1nNw67aH16m4Mbxg43yztDoAYx4623ptHowwNF\nvZ5yT4ejA5hfFvvF3Qwaajgr7BgvudqUASlmzolx1k/Nwwh1Nj9zz2S3rrodUgit\ntcXZt/Btz5dGweT4jMOzYBaOMj7AY/LdrVeB8Q52vWInvHhXhUEl7j7aEnrBnM/7\nnOT3MsIKTNOvgcaBy999/Qph+q8sXAgauYrHfpr9BqelX3hC/4jiSGZN1FOlQDdo\niyfssxdpxN0xzTIWi/CgqC629M4AwuvqkmHbORz+21IbZZX6Guqjmfq/YrLU9+DN\n4GyUxx/U7in9ax1/CqIwLezc933k+yHHs86zqBVyLPBarYKFYEzHCfvf61NQVWZa\n2Qcg7URG2A2/STRwF2ekCO9vWMXdqx9SK7Kh9GLVVBNHt5Od4Ivgzar8OuxzcwM7\nL0Lf9dusxwie66t6BTM6HSpkF4hp4VI0skN+wv1uq3+qSfJY5/RFcKGtNwbB0sOe\nzN1nddZlDDvnd103yaeIhf+9XbAMCboRbCLuk/Ta90brrgUw0iKhkFB9wvEMDIRD\n3W+on46If/YmuKONPLiyRB7Eon7oovP413i49ZvowdPnX/yIOSvb8qGDAFPxX4KR\nYttS7leeUBzcX66Cbf4kUcXPZLScRZ3gqDMLNkjyeq7ice9ySpW80HjL6QECAwEA\nAQKCAf809Py6qeetrZdZ5MrQmHnjQvyMt3L5tbFPUG63miQMxvyv3DvBGM8NjxhJ\n6pDT5fvAL6c+OI4h2KuTmeYGbZ58eCuMGuXD9J0CpNXtfmYqvi2A5O/2L68MDJLV\nz7YW0k8VR/UrESzs9LknYyb1mabyJR9AJFsIps/2qlwApayvhdbuQ5CAj+T2YZyD\n/wVdencG39SPVlw4JQxU1fKuPFnfQbfoJz5bm3c8Z0M9GYjKLrxLU0oT2Sa5N9yH\nga6AB5ZPxV1p77mFIGsWZ0OR5/PAHGeRR4ZtC8FL0LIynFM3bxR2osNEW0V8u3cn\nhKfBeIpCc1sZj4SWFtJPzzBbYcclA1WPMnCeIkmZzh59w9gNTyGCQRec2Ypkj62w\nsXWr/xMUKM68E9wivfqjwiDHjbrNCcNOL+6EfbWbm0ttWEa6ezIgp8kvy7kjwhmy\nA1YPShDwwq360trChigyqvxWdZo2kR7fx/c9wj4HT1u8pI/tv0HHv+P1Nhc1aFko\n55Jjuk/T+qY4fBcH0IQ6HMPgYQnnKXFht58+J9HCcP9kt1c3M3RxrRBHIUKb8GjA\nNJHsnrG6bK0XTWeUnTL5HcJYY2UZpOAov56eY72Gqe2KYfAOhlXb+v98DrHfLKCr\nx2f514bJ4eWG403jhjkGuPOPz81EyODrnXN03nJdwFug3quhAoIBAQDiLMzo9/DN\nmWlB1ibeD7DA/oDVRQIaAptmrNijRJH5vihLO6xdnDFWq3TCBY9OlbqM2MJs16+B\n3wXCvfikpjWK3b6pwYuIJpUHxQkS4hMSrH+goDAwI7WreLtYYlm9V6oje1OoQXTX\n+DDXI4weYpscc5P8WzYPBtVR+FCpTTDpnZuI5d9VJ2VuJcNZ31C/FRkh4ALMW8RX\n2G+GjQGHIZliidxWoOjJBp+YeKVJJH6n0diaVhBycfrL8gT7gYnBq2Kfgz1pnpAp\nScNIUDV1SPkPEXGptg9+qRvLDtYQ3jQnks25Zx7+fZ1IjcouFrxW9Cv5+EImqK+u\nDwMXsc31x4x7AoIBAQDVH8jOf9ccXq+aKLjcnxoHALMygPqwIQNIA8U0nPkp0aq5\nQaCImYG9AqH3A5ZpWS/+pgOa7YaQ8EfiXygVnN8h2qaoAU/iJ9RzDT2Og7LRPnuF\nutlpEBXZrpTSDsUp69Ejbjgw3hYVGlxC3iuerCHtM3szGfZxwrCGAAxzjpANjYmH\nmtRpez+1Sa7OciWLQyTHFXd2/kbpkZN11SUjMbz2yo+2f5BoRnuycPTvbG6kMwrO\ns0H4yGeh+BW8+TfbiEguQqlOoGUgMInJCwMuFOkuJay5XTpGsS91c5ULt+4zXyl7\nMROLea8kjIZMUAWXPd2OdCiOBCvI18bJsMVB9F2zAoIBAEvIZRQ+V3IcUBdeMQHA\n0iGoZPSQvcaHTxiVG7WA+URsAcZLhVKMTj/TDTkhccYMB0jALE0Z69WhK6X3z0Mj\n6dbQu9zXW/BPtSm4THUGSQu9vrnMUrkejfWZa3SO57C4mepvnTVIUWU35O2BHKbl\ntUFQPKqWyUM5r+paQHSpx5TPWVkCZNV8cND6WD1ZxQ1xfU1LaMSejug8PgogXv2v\nNVy+ApUIL1eEH5+P9RnP35xNhL0Zz0L5i+Yf/qli2wyIZ3A5Ii+skHM1Ivis32yf\n+cuhtar+tKxk70oXe4SFX4ZO+x1/PvRYlIXF9JOCzLJ59+42z7tyVAMHRqr+yZrr\ntNcCggEAQ7I55aXj3SYSX0RKHAIJkWnegc9IUcPat/hCnsixuF/Z+8hlxp4EANai\nPcUM9N+YiCmRgZerI8S/AJ+7KspOcgFy6HCqQCrop7bv86HPnflb4QmN33p1hlSW\n/vYkGIHIR5nODW+t0fwyjCbn8hm5GRA+NOgtSMtPqPDBA7+n8DYiFknO6MZ2YQ5L\nkVXeqRKlzvr5nHl+atiL32TZzAkTfcyvw4dXhlfFGNQaaSanKk7wQuHbtbtqd59G\nwGTlIj1yuAcCom/+TzA7w/lUhEGuI7Nh3utHBIdpjMQu9q7w4a57jZ70F1yKjnB4\nhCry66yCAKrS6vFWOxCXGx+kOKP3UwKCAQAYPntPBTTxwQjTtsrdLYrbYaT7kaB/\ndAmYjAWuJvjCSPfIwKlSLKdLg8Z6o++0BtYiBxJ+VeSyXJat0ckabStsqsmbwgpP\n4Iz5GUWqf7BtC63uUOLj7TTadTVto23rmNWDCPHe9OU7gDbuIhh19c7NKPJIi3Q4\nik/9HKPq++iuZj6tULfvkNwiQZmFueFvR0jEOcJpZoGfJvSzbeirgPHrWv+YdSUb\nztlFRotYhdo/3aOESNJrgR2dG90Gk1x3eTFgJ3lIpIPZ+EaOjA8gin48Sovwup/4\njcnqlwSXu0tbogSI6BNSwVKbR9df5wbGdYoQH0afJLJ+9SAgzVJv1sRb\n-----END RSA PRIVATE KEY-----\n",
            "private_key_pem_pkcs8": "-----BEGIN PRIVATE KEY-----\nMIIJQAIBADANBgkqhkiG9w0BAQEFAASCCSowggkmAgEAAoICAQC8S1tUF5aMvWc3\nDrtofXqbgxvGDjfLO0OgBjHjrbem0ejDA0W9nnJPh6MDmF8W+8XdDBpqOCvsGC+5\n2pQBKWbOiXHWT83DCHU2P3PPZLeuuh1SCK21xdm38G3Pl0bB5PiMw7NgFo4yPsBj\n8t2tV4HxDna9Yie8eFeFQSXuPtoSesGcz/uc5PcywgpM06+BxoHL3339CmH6ryxc\nCBq5isd+mv0Gp6VfeEL/iOJIZk3UU6VAN2iLJ+yzF2nE3THNMhaL8KCoLrb0zgDC\n6+qSYds5HP7bUhtllfoa6qOZ+r9istT34M3gbJTHH9TuKf1rHX8KojAt7Nz3feT7\nIcezzrOoFXIs8FqtgoVgTMcJ+9/rU1BVZlrZByDtREbYDb9JNHAXZ6QI729Yxd2r\nH1IrsqH0YtVUE0e3k53gi+DNqvw67HNzAzsvQt/126zHCJ7rq3oFMzodKmQXiGnh\nUjSyQ37C/W6rf6pJ8ljn9EVwoa03BsHSw57M3Wd11mUMO+d3XTfJp4iF/71dsAwJ\nuhFsIu6T9Nr3RuuuBTDSIqGQUH3C8QwMhEPdb6ifjoh/9ia4o408uLJEHsSifuii\n8/jXeLj1m+jB0+df/Ig5K9vyoYMAU/FfgpFi21LuV55QHNxfroJt/iRRxc9ktJxF\nneCoMws2SPJ6ruJx73JKlbzQeMvpAQIDAQABAoIB/zT0/Lqp562tl1nkytCYeeNC\n/Iy3cvm1sU9QbreaJAzG/K/cO8EYzw2PGEnqkNPl+8Avpz44jiHYq5OZ5gZtnnx4\nK4wa5cP0nQKk1e1+Ziq+LYDk7/YvrwwMktXPthbSTxVH9SsRLOz0uSdjJvWZpvIl\nH0AkWwimz/aqXAClrK+F1u5DkICP5PZhnIP/BV16dwbf1I9WXDglDFTV8q48Wd9B\nt+gnPlubdzxnQz0ZiMouvEtTShPZJrk33IeBroAHlk/FXWnvuYUgaxZnQ5Hn88Ac\nZ5FHhm0LwUvQsjKcUzdvFHaiw0RbRXy7dyeEp8F4ikJzWxmPhJYW0k/PMFthxyUD\nVY8ycJ4iSZnOHn3D2A1PIYJBF5zZimSPrbCxdav/ExQozrwT3CK9+qPCIMeNus0J\nw04v7oR9tZubS21YRrp7MiCnyS/LuSPCGbIDVg9KEPDCrfrS2sKGKDKq/FZ1mjaR\nHt/H9z3CPgdPW7ykj+2/Qce/4/U2FzVoWSjnkmO6T9P6pjh8FwfQhDocw+BhCecp\ncWG3nz4n0cJw/2S3VzczdHGtEEchQpvwaMA0keyesbpsrRdNZ5SdMvkdwlhjZRmk\n4Ci/np5jvYap7Yph8A6GVdv6/3wOsd8soKvHZ/nXhsnh5YbjTeOGOQa484/PzUTI\n4Oudc3Tecl3AW6Deq6ECggEBAOIszOj38M2ZaUHWJt4PsMD+gNVFAhoCm2as2KNE\nkfm+KEs7rF2cMVardMIFj06VuozYwmzXr4HfBcK9+KSmNYrdvqnBi4gmlQfFCRLi\nExKsf6CgMDAjtat4u1hiWb1XqiN7U6hBdNf4MNcjjB5imxxzk/xbNg8G1VH4UKlN\nMOmdm4jl31UnZW4lw1nfUL8VGSHgAsxbxFfYb4aNAYchmWKJ3Fag6MkGn5h4pUkk\nfqfR2JpWEHJx+svyBPuBicGrYp+DPWmekClJw0hQNXVI+Q8Rcam2D36pG8sO1hDe\nNCeSzblnHv59nUiNyi4WvFb0K/n4Qiaor64PAxexzfXHjHsCggEBANUfyM5/1xxe\nr5oouNyfGgcAszKA+rAhA0gDxTSc+SnRqrlBoIiZgb0CofcDlmlZL/6mA5rthpDw\nR+JfKBWc3yHapqgBT+In1HMNPY6DstE+e4W62WkQFdmulNIOxSnr0SNuODDeFhUa\nXELeK56sIe0zezMZ9nHCsIYADHOOkA2NiYea1Gl7P7VJrs5yJYtDJMcVd3b+RumR\nk3XVJSMxvPbKj7Z/kGhGe7Jw9O9sbqQzCs6zQfjIZ6H4Fbz5N9uISC5CqU6gZSAw\nickLAy4U6S4lrLldOkaxL3VzlQu37jNfKXsxE4t5rySMhkxQBZc93Y50KI4EK8jX\nxsmwxUH0XbMCggEAS8hlFD5XchxQF14xAcDSIahk9JC9xodPGJUbtYD5RGwBxkuF\nUoxOP9MNOSFxxgwHSMAsTRnr1aErpffPQyPp1tC73Ndb8E+1KbhMdQZJC72+ucxS\nuR6N9ZlrdI7nsLiZ6m+dNUhRZTfk7YEcpuW1QVA8qpbJQzmv6lpAdKnHlM9ZWQJk\n1Xxw0PpYPVnFDXF9TUtoxJ6O6Dw+CiBe/a81XL4ClQgvV4Qfn4/1Gc/fnE2EvRnP\nQvmL5h/+qWLbDIhncDkiL6yQczUi+KzfbJ/5y6G1qv60rGTvShd7hIVfhk77HX8+\n9FiUhcX0k4LMsnn37jbPu3JUAwdGqv7Jmuu01wKCAQBDsjnlpePdJhJfREocAgmR\nad6Bz0hRw9q3+EKeyLG4X9n7yGXGngQA1qI9xQz035iIKZGBl6sjxL8An7sqyk5y\nAXLocKpAKuintu/zoc+d+VvhCY3fenWGVJb+9iQYgchHmc4Nb63R/DKMJufyGbkZ\nED406C1Iy0+o8MEDv6fwNiIWSc7oxnZhDkuRVd6pEqXO+vmceX5q2IvfZNnMCRN9\nzK/Dh1eGV8UY1BppJqcqTvBC4du1u2p3n0bAZOUiPXK4BwKib/5PMDvD+VSEQa4j\ns2He60cEh2mMxC72rvDhrnuNnvQXXIqOcHiEKvLrrIIAqtLq8VY7EJcbH6Q4o/dT\nAoIBABg+e08FNPHBCNO2yt0titthpPuRoH90CZiMBa4m+MJI98jAqVIsp0uDxnqj\n77QG1iIHEn5V5LJclq3RyRptK2yqyZvCCk/gjPkZRap/sG0Lre5Q4uPtNNp1NW2j\nbeuY1YMI8d705TuANu4iGHX1zs0o8kiLdDiKT/0co+r76K5mPq1Qt++Q3CJBmYW5\n4W9HSMQ5wmlmgZ8m9LNt6KuA8eta/5h1JRvO2UVGi1iF2j/do4RI0muBHZ0b3QaT\nXHd5MWAneUikg9n4Ro6MDyCKfjxKi/C6n/iNyeqXBJe7S1uiBIjoE1LBUptH11/n\nBsZ1ihAfRp8ksn71ICDNUm/WxFs=\n-----END PRIVATE KEY-----\n",
            "public_key_fingerprint_md5": "11:27:48:2b:36:7e:dc:cd:10:98:fe:48:60:9b:6f:5e",
            "public_key_fingerprint_sha256": "SHA256:kyYtcXcP6qysHnTYiNF/jVdK+3vy7JVG4rGLvpDBfuw",
            "public_key_openssh": "ssh-rsa AAAAB3NzaC1yc2EAAAADAQABAAACAQC8S1tUF5aMvWc3DrtofXqbgxvGDjfLO0OgBjHjrbem0ejDA0W9nnJPh6MDmF8W+8XdDBpqOCvsGC+52pQBKWbOiXHWT83DCHU2P3PPZLeuuh1SCK21xdm38G3Pl0bB5PiMw7NgFo4yPsBj8t2tV4HxDna9Yie8eFeFQSXuPtoSesGcz/uc5PcywgpM06+BxoHL3339CmH6ryxcCBq5isd+mv0Gp6VfeEL/iOJIZk3UU6VAN2iLJ+yzF2nE3THNMhaL8KCoLrb0zgDC6+qSYds5HP7bUhtllfoa6qOZ+r9istT34M3gbJTHH9TuKf1rHX8KojAt7Nz3feT7IcezzrOoFXIs8FqtgoVgTMcJ+9/rU1BVZlrZByDtREbYDb9JNHAXZ6QI729Yxd2rH1IrsqH0YtVUE0e3k53gi+DNqvw67HNzAzsvQt/126zHCJ7rq3oFMzodKmQXiGnhUjSyQ37C/W6rf6pJ8ljn9EVwoa03BsHSw57M3Wd11mUMO+d3XTfJp4iF/71dsAwJuhFsIu6T9Nr3RuuuBTDSIqGQUH3C8QwMhEPdb6ifjoh/9ia4o408uLJEHsSifuii8/jXeLj1m+jB0+df/Ig5K9vyoYMAU/FfgpFi21LuV55QHNxfroJt/iRRxc9ktJxFneCoMws2SPJ6ruJx73JKlbzQeMvpAQ==\n",
            "public_key_pem": "-----BEGIN PUBLIC KEY-----\nMIICIjANBgkqhkiG9w0BAQEFAAOCAg8AMIICCgKCAgEAvEtbVBeWjL1nNw67aH16\nm4Mbxg43yztDoAYx4623ptHowwNFvZ5yT4ejA5hfFvvF3Qwaajgr7BgvudqUASlm\nzolx1k/Nwwh1Nj9zz2S3rrodUgittcXZt/Btz5dGweT4jMOzYBaOMj7AY/LdrVeB\n8Q52vWInvHhXhUEl7j7aEnrBnM/7nOT3MsIKTNOvgcaBy999/Qph+q8sXAgauYrH\nfpr9BqelX3hC/4jiSGZN1FOlQDdoiyfssxdpxN0xzTIWi/CgqC629M4AwuvqkmHb\nORz+21IbZZX6Guqjmfq/YrLU9+DN4GyUxx/U7in9ax1/CqIwLezc933k+yHHs86z\nqBVyLPBarYKFYEzHCfvf61NQVWZa2Qcg7URG2A2/STRwF2ekCO9vWMXdqx9SK7Kh\n9GLVVBNHt5Od4Ivgzar8OuxzcwM7L0Lf9dusxwie66t6BTM6HSpkF4hp4VI0skN+\nwv1uq3+qSfJY5/RFcKGtNwbB0sOezN1nddZlDDvnd103yaeIhf+9XbAMCboRbCLu\nk/Ta90brrgUw0iKhkFB9wvEMDIRD3W+on46If/YmuKONPLiyRB7Eon7oovP413i4\n9ZvowdPnX/yIOSvb8qGDAFPxX4KRYttS7leeUBzcX66Cbf4kUcXPZLScRZ3gqDML\nNkjyeq7ice9ySpW80HjL6QECAwEAAQ==\n-----END PUBLIC KEY-----\n",
            "rsa_bits": 4096
          },
          "sensitive_attributes": []
        }
      ]
    }
  ]
}
